
Microsoft Visual Studio Solution File, Format Version 12.00
# Visual Studio 15
VisualStudioVersion = 15.0.28307.421
MinimumVisualStudioVersion = 10.0.40219.1
Project("{F184B08F-C81C-45F6-A57F-5ABD9991F28F}") = "apiConsole", "apiConsole.vbproj", "{25BA830B-B30D-4E7E-BF61-1B094F4EDCF3}"
EndProject
Project("{F184B08F-C81C-45F6-A57F-5ABD9991F28F}") = "Schema", "..\schematool\Schema\Schema.vbproj", "{BD9A2224-EB0C-44F1-B6B3-524A2152EE99}"
EndProject
Global
	GlobalSection(SolutionConfigurationPlatforms) = preSolution
		Debug|Any CPU = Debug|Any CPU
		Release|Any CPU = Release|Any CPU
	EndGlobalSection
	GlobalSection(ProjectConfigurationPlatforms) = postSolution
		{25BA830B-B30D-4E7E-BF61-1B094F4EDCF3}.Debug|Any CPU.ActiveCfg = Debug|Any CPU
		{25BA830B-B30D-4E7E-BF61-1B094F4EDCF3}.Debug|Any CPU.Build.0 = Debug|Any CPU
		{25BA830B-B30D-4E7E-BF61-1B094F4EDCF3}.Release|Any CPU.ActiveCfg = Release|Any CPU
		{25BA830B-B30D-4E7E-BF61-1B094F4EDCF3}.Release|Any CPU.Build.0 = Release|Any CPU
		{BD9A2224-EB0C-44F1-B6B3-524A2152EE99}.Debug|Any CPU.ActiveCfg = Debug|Any CPU
		{BD9A2224-EB0C-44F1-B6B3-524A2152EE99}.Debug|Any CPU.Build.0 = Debug|Any CPU
		{BD9A2224-EB0C-44F1-B6B3-524A2152EE99}.Release|Any CPU.ActiveCfg = Release|Any CPU
		{BD9A2224-EB0C-44F1-B6B3-524A2152EE99}.Release|Any CPU.Build.0 = Release|Any CPU
	EndGlobalSection
	GlobalSection(SolutionProperties) = preSolution
		HideSolutionNode = FALSE
	EndGlobalSection
	GlobalSection(ExtensibilityGlobals) = postSolution
		SolutionGuid = {C15765FF-B205-4472-9400-DCE72E6A6449}
	EndGlobalSection
EndGlobal
